
Microsoft Visual Studio Solution File, Format Version 12.00
# Visual Studio Version 17
VisualStudioVersion = 17.10.35013.160
MinimumVisualStudioVersion = 10.0.40219.1
Project("{2150E333-8FDC-42A3-9474-1A3956D46DE8}") = "src", "src", "{CFE60BCB-A85D-4965-A301-E3485495A1A3}"
EndProject
Project("{2150E333-8FDC-42A3-9474-1A3956D46DE8}") = "Solution Items", "Solution Items", "{991D443B-D293-42CE-BC4F-46B6F7BE9EC0}"
	ProjectSection(SolutionItems) = preProject
		.editorconfig = .editorconfig
	EndProjectSection
EndProject
Project("{9A19103F-16F7-4668-BE54-9A1E7A4F7556}") = "Gobi.Consulting", "src\Gobi.Consulting\Gobi.Consulting.csproj", "{BB739D9C-A958-4C1B-9A8D-7F32D082FEB0}"
EndProject
Global
	GlobalSection(SolutionConfigurationPlatforms) = preSolution
		Debug|Any CPU = Debug|Any CPU
		Release|Any CPU = Release|Any CPU
	EndGlobalSection
	GlobalSection(ProjectConfigurationPlatforms) = postSolution
		{BB739D9C-A958-4C1B-9A8D-7F32D082FEB0}.Debug|Any CPU.ActiveCfg = Debug|Any CPU
		{BB739D9C-A958-4C1B-9A8D-7F32D082FEB0}.Debug|Any CPU.Build.0 = Debug|Any CPU
		{BB739D9C-A958-4C1B-9A8D-7F32D082FEB0}.Release|Any CPU.ActiveCfg = Release|Any CPU
		{BB739D9C-A958-4C1B-9A8D-7F32D082FEB0}.Release|Any CPU.Build.0 = Release|Any CPU
	EndGlobalSection
	GlobalSection(SolutionProperties) = preSolution
		HideSolutionNode = FALSE
	EndGlobalSection
	GlobalSection(NestedProjects) = preSolution
		{BB739D9C-A958-4C1B-9A8D-7F32D082FEB0} = {CFE60BCB-A85D-4965-A301-E3485495A1A3}
	EndGlobalSection
	GlobalSection(ExtensibilityGlobals) = postSolution
		SolutionGuid = {5D7F2C72-635A-4719-A771-68E3C3887245}
	EndGlobalSection
EndGlobal
